github.com/coreos/bbolt v1.3.1-coreos.6.0.20180223184059-4f5275f4ebbf h1:CmPJznEcWS7opZI1p2IXCRPDxE/6o4YFBv4HYb7VsH4=
github.com/coreos/bbolt v1.3.1-coreos.6.0.20180223184059-4f5275f4ebbf/go.mod h1:iRUV2dpdMOn7Bo10OQBFzIJO9kkE559Wcmn+qkEiiKk=
github.com/gorilla/websocket v1.2.0 h1:VJtLvh6VQym50czpZzx07z/kw9EgAxI3x1ZB8taTMQQ=
github.com/gorilla/websocket v1.2.0/go.mod h1:E7qHFY5m1UJ88s3WnNqhKjPHQ0heANvMoAMk2YaljkQ=
github.com/jessevdk/go-flags v0.0.0-20150816100521-1acbbaff2f34 h1:OsL9UGMqb35j8AxF7EK7UGEK58a4YAWo7DYtJIufuh0=
github.com/jessevdk/go-flags v0.0.0-20150816100521-1acbbaff2f34/go.mod h1:4FA24M0QyGHXBuZZK/XkWh8h0e1EYbRYJSGM75WSRxI=
github.com/mattn/go-isatty v0.0.12 h1:wuysRhFDzyxgEmMf5xjvJ2M9dZoWAXNNr5LSBS7uHXY=
github.com/mattn/go-isatty v0.0.12/go.mod h1:cbi8OIDigv2wuxKPP5vlRcQ1OAZbq2CE4Kysco4FUpU=
github.com/mitchellh/mapstructure v0.0.0-20180715050151-f15292f7a699 h1:KXZJFdun9knAVAR8tg/aHJEr5DgtcbqyvzacK+CDCaI=
github.com/mitchellh/mapstructure v0.0.0-20180715050151-f15292f7a699/go.mod h1:FVVH3fgwuzCH5S8UJGiWEs2h04kUh9fWfEaFds41c1Y=
github.com/pkg/errors v0.8.0 h1:WdK/asTD0HN+q6hsWO3/vpuAkAr+tw6aNJNDFFf0+qw=
github.com/pkg/errors v0.8.0/go.mod h1:bwawxfHBFNV+L2hUp1rHADufV3IMtnDRdf1r5NINEl0=
github.com/sabhiram/go-colorize v0.0.0-20210403184538-366f55d711cf h1:ohn00dtgqfd3k6+B257yGDnqzA4OR0WgWuyTl75TN64=
github.com/sabhiram/go-colorize v0.0.0-20210403184538-366f55d711cf/go.mod h1:GvlEbMJBpbAXFn06UajbdBlGZ18iLvHyuIrgG//L8uk=
github.com/sabhiram/go-wol v0.0.0-20211004182127-4585501547a5 h1:DNO6djSd0qdve20//C/yGsSGGH4LBYH0WDxJ48R6ZWQ=
github.com/sabhiram/go-wol v0.0.0-20211004182127-4585501547a5/go.mod h1:sppInrFSFmogcd2LmbYdcbXE+wbV3MjNcp3doz3SVpI=
github.com/stretchr/testify v0.0.0-20150929183540-2b15294402a8/go.mod h1:a8OnRcib4nhh0OaRAV+Yts87kKdq0PP7pXfy6kDkUVs=
golang.org/x/sys v0.0.0-20200116001909-b77594299b42/go.mod h1:h1NjWce9XRLGQEsW7wpKNCjG9DtNlClVuFLEZdDNbEs=
golang.org/x/sys v0.0.0-20210403161142-5e06dd20ab57 h1:F5Gozwx4I1xtr/sr/8CFbb57iKi3297KFs0QDbGN60A=
golang.org/x/sys v0.0.0-20210403161142-5e06dd20ab57/go.mod h1:h1NjWce9XRLGQEsW7wpKNCjG9DtNlClVuFLEZdDNbEs=
